
Microsoft Visual Studio Solution File, Format Version 12.00
# Visual Studio 14
VisualStudioVersion = 14.0.25420.1
MinimumVisualStudioVersion = 10.0.40219.1
Project("{8BC9CEB8-8B4A-11D0-8D11-00A0C91BC942}") = "AutoLoginByBnsChina", "AutoLoginByBnsChina\AutoLoginByBnsChina.vcxproj", "{0167068A-8B8A-4E8C-BC7B-570B081753CA}"
EndProject
Project("{8BC9CEB8-8B4A-11D0-8D11-00A0C91BC942}") = "BnsDLL", "BnsDLL\BnsDLL.vcxproj", "{007A1FF2-802D-4894-8D11-9E3DC908E813}"
EndProject
Global
	GlobalSection(SolutionConfigurationPlatforms) = preSolution
		Debug|Win32 = Debug|Win32
		Debug|x64 = Debug|x64
		Release|Win32 = Release|Win32
		Release|x64 = Release|x64
	EndGlobalSection
	GlobalSection(ProjectConfigurationPlatforms) = postSolution
		{0167068A-8B8A-4E8C-BC7B-570B081753CA}.Debug|Win32.ActiveCfg = Debug|Win32
		{0167068A-8B8A-4E8C-BC7B-570B081753CA}.Debug|Win32.Build.0 = Debug|Win32
		{0167068A-8B8A-4E8C-BC7B-570B081753CA}.Debug|x64.ActiveCfg = Debug|Win32
		{0167068A-8B8A-4E8C-BC7B-570B081753CA}.Release|Win32.ActiveCfg = Release|Win32
		{0167068A-8B8A-4E8C-BC7B-570B081753CA}.Release|Win32.Build.0 = Release|Win32
		{0167068A-8B8A-4E8C-BC7B-570B081753CA}.Release|x64.ActiveCfg = Release|Win32
		{007A1FF2-802D-4894-8D11-9E3DC908E813}.Debug|Win32.ActiveCfg = Debug|Win32
		{007A1FF2-802D-4894-8D11-9E3DC908E813}.Debug|Win32.Build.0 = Debug|Win32
		{007A1FF2-802D-4894-8D11-9E3DC908E813}.Debug|x64.ActiveCfg = Debug|x64
		{007A1FF2-802D-4894-8D11-9E3DC908E813}.Debug|x64.Build.0 = Debug|x64
		{007A1FF2-802D-4894-8D11-9E3DC908E813}.Release|Win32.ActiveCfg = Release|Win32
		{007A1FF2-802D-4894-8D11-9E3DC908E813}.Release|Win32.Build.0 = Release|Win32
		{007A1FF2-802D-4894-8D11-9E3DC908E813}.Release|x64.ActiveCfg = Release|x64
		{007A1FF2-802D-4894-8D11-9E3DC908E813}.Release|x64.Build.0 = Release|x64
	EndGlobalSection
	GlobalSection(SolutionProperties) = preSolution
		HideSolutionNode = FALSE
	EndGlobalSection
EndGlobal
