<?xml version="1.0" encoding="utf-8"?>
<Project ToolsVersion="4.0" xmlns="http://schemas.microsoft.com/developer/msbuild/2003">
  <ItemGroup>
    <Filter Include="Source Files">
      <UniqueIdentifier>{4FC737F1-C7A5-4376-A066-2A32D752A2FF}</UniqueIdentifier>
      <Extensions>cpp;c;cc;cxx;def;odl;idl;hpj;bat;asm;asmx</Extensions>
    </Filter>
    <Filter Include="Header Files">
      <UniqueIdentifier>{93995380-89BD-4b04-88EB-625FBE52EBFB}</UniqueIdentifier>
      <Extensions>h;hh;hpp;hxx;hm;inl;inc;xsd</Extensions>
    </Filter>
    <Filter Include="Resource Files">
      <UniqueIdentifier>{67DA6AB6-F800-4c08-8B7A-83BB121AAD01}</UniqueIdentifier>
      <Extensions>rc;ico;cur;bmp;dlg;rc2;rct;bin;rgs;gif;jpg;jpeg;jpe;resx;tiff;tif;png;wav;mfcribbon-ms</Extensions>
    </Filter>
    <Filter Include="Config">
      <UniqueIdentifier>{8c230e77-de0a-4a04-a146-fd78701d7409}</UniqueIdentifier>
    </Filter>
    <Filter Include="GameLauncher">
      <UniqueIdentifier>{9bf0b750-df41-441f-9d84-b01169441b51}</UniqueIdentifier>
    </Filter>
    <Filter Include="Variable">
      <UniqueIdentifier>{9e53980c-1012-432a-9f7c-a3ca838faaa8}</UniqueIdentifier>
    </Filter>
    <Filter Include="Common">
      <UniqueIdentifier>{7a220b9f-af73-485d-bf99-d5f91e6c60dc}</UniqueIdentifier>
    </Filter>
    <Filter Include="Account">
      <UniqueIdentifier>{a26016c4-5bdc-4f59-9351-9b68575e7e6b}</UniqueIdentifier>
    </Filter>
    <Filter Include="ConsoleCommond">
      <UniqueIdentifier>{6e1e1c15-9738-44e0-85bf-b4f8342afa2e}</UniqueIdentifier>
    </Filter>
  </ItemGroup>
  <ItemGroup>
    <ClCompile Include="main.cpp">
      <Filter>Source Files</Filter>
    </ClCompile>
    <ClCompile Include="TextConfig.cpp">
      <Filter>Config</Filter>
    </ClCompile>
    <ClCompile Include="ConsoleVariable.cpp">
      <Filter>Variable</Filter>
    </ClCompile>
    <ClCompile Include="..\..\MyTools\MyTools\AES.cpp">
      <Filter>Common</Filter>
    </ClCompile>
    <ClCompile Include="..\..\MyTools\MyTools\Character.cpp">
      <Filter>Common</Filter>
    </ClCompile>
    <ClCompile Include="..\..\MyTools\MyTools\CLErrMsg.cpp">
      <Filter>Common</Filter>
    </ClCompile>
    <ClCompile Include="..\..\MyTools\MyTools\CLFile.cpp">
      <Filter>Common</Filter>
    </ClCompile>
    <ClCompile Include="..\..\MyTools\MyTools\CLGrammar.cpp">
      <Filter>Common</Filter>
    </ClCompile>
    <ClCompile Include="..\..\MyTools\MyTools\CLHook.cpp">
      <Filter>Common</Filter>
    </ClCompile>
    <ClCompile Include="..\..\MyTools\MyTools\CLInjector.cpp">
      <Filter>Common</Filter>
    </ClCompile>
    <ClCompile Include="..\..\MyTools\MyTools\CLLock.cpp">
      <Filter>Common</Filter>
    </ClCompile>
    <ClCompile Include="..\..\MyTools\MyTools\CLLog.cpp">
      <Filter>Common</Filter>
    </ClCompile>
    <ClCompile Include="..\..\MyTools\MyTools\CLNoModuleDLL.cpp">
      <Filter>Common</Filter>
    </ClCompile>
    <ClCompile Include="..\..\MyTools\MyTools\CLProcess.cpp">
      <Filter>Common</Filter>
    </ClCompile>
    <ClCompile Include="..\..\MyTools\MyTools\CLScript.cpp">
      <Filter>Common</Filter>
    </ClCompile>
    <ClCompile Include="..\..\MyTools\MyTools\CLSearchBase.cpp">
      <Filter>Common</Filter>
    </ClCompile>
    <ClCompile Include="..\..\MyTools\MyTools\CLStackTrace.cpp">
      <Filter>Common</Filter>
    </ClCompile>
    <ClCompile Include="..\..\MyTools\MyTools\CLThread.cpp">
      <Filter>Common</Filter>
    </ClCompile>
    <ClCompile Include="..\..\MyTools\MyTools\CPublic.cpp">
      <Filter>Common</Filter>
    </ClCompile>
    <ClCompile Include="..\..\MyTools\MyTools\DES.cpp">
      <Filter>Common</Filter>
    </ClCompile>
    <ClCompile Include="AccountServices.cpp">
      <Filter>Account</Filter>
    </ClCompile>
    <ClCompile Include="ConsoleCommond.cpp">
      <Filter>ConsoleCommond</Filter>
    </ClCompile>
    <ClCompile Include="GameLauncher.cpp">
      <Filter>GameLauncher</Filter>
    </ClCompile>
  </ItemGroup>
  <ItemGroup>
    <ClInclude Include="TextConfig.h">
      <Filter>Config</Filter>
    </ClInclude>
    <ClInclude Include="ConsoleVariable.h">
      <Filter>Variable</Filter>
    </ClInclude>
    <ClInclude Include="..\BnsDLL\GameStruct.h">
      <Filter>Header Files</Filter>
    </ClInclude>
    <ClInclude Include="..\..\MyTools\MyTools\AES.h">
      <Filter>Common</Filter>
    </ClInclude>
    <ClInclude Include="..\..\MyTools\MyTools\ByteBuffer.h">
      <Filter>Common</Filter>
    </ClInclude>
    <ClInclude Include="..\..\MyTools\MyTools\Character.h">
      <Filter>Common</Filter>
    </ClInclude>
    <ClInclude Include="..\..\MyTools\MyTools\ClassInstance.h">
      <Filter>Common</Filter>
    </ClInclude>
    <ClInclude Include="..\..\MyTools\MyTools\CLErrMsg.h">
      <Filter>Common</Filter>
    </ClInclude>
    <ClInclude Include="..\..\MyTools\MyTools\CLFile.h">
      <Filter>Common</Filter>
    </ClInclude>
    <ClInclude Include="..\..\MyTools\MyTools\CLGrammar.h">
      <Filter>Common</Filter>
    </ClInclude>
    <ClInclude Include="..\..\MyTools\MyTools\CLHook.h">
      <Filter>Common</Filter>
    </ClInclude>
    <ClInclude Include="..\..\MyTools\MyTools\CLInjector.h">
      <Filter>Common</Filter>
    </ClInclude>
    <ClInclude Include="..\..\MyTools\MyTools\CLLock.h">
      <Filter>Common</Filter>
    </ClInclude>
    <ClInclude Include="..\..\MyTools\MyTools\CLLog.h">
      <Filter>Common</Filter>
    </ClInclude>
    <ClInclude Include="..\..\MyTools\MyTools\CLNoModuleDLL.h">
      <Filter>Common</Filter>
    </ClInclude>
    <ClInclude Include="..\..\MyTools\MyTools\CLNoModuleDLL_Struct.h">
      <Filter>Common</Filter>
    </ClInclude>
    <ClInclude Include="..\..\MyTools\MyTools\CLProcess.h">
      <Filter>Common</Filter>
    </ClInclude>
    <ClInclude Include="..\..\MyTools\MyTools\CLPublic.h">
      <Filter>Common</Filter>
    </ClInclude>
    <ClInclude Include="..\..\MyTools\MyTools\CLScript.h">
      <Filter>Common</Filter>
    </ClInclude>
    <ClInclude Include="..\..\MyTools\MyTools\CLSearchBase.h">
      <Filter>Common</Filter>
    </ClInclude>
    <ClInclude Include="..\..\MyTools\MyTools\CLStackTrace.h">
      <Filter>Common</Filter>
    </ClInclude>
    <ClInclude Include="..\..\MyTools\MyTools\CLThread.h">
      <Filter>Common</Filter>
    </ClInclude>
    <ClInclude Include="..\..\MyTools\MyTools\CLVector.h">
      <Filter>Common</Filter>
    </ClInclude>
    <ClInclude Include="..\..\MyTools\MyTools\DES.h">
      <Filter>Common</Filter>
    </ClInclude>
    <ClInclude Include="..\..\MyTools\MyTools\RC4.hpp">
      <Filter>Common</Filter>
    </ClInclude>
    <ClInclude Include="..\..\MyTools\MyTools\ToolsPublic.h">
      <Filter>Common</Filter>
    </ClInclude>
    <ClInclude Include="AccountServices.h">
      <Filter>Account</Filter>
    </ClInclude>
    <ClInclude Include="ConsoleCommond.h">
      <Filter>ConsoleCommond</Filter>
    </ClInclude>
    <ClInclude Include="GameLauncher.h">
      <Filter>GameLauncher</Filter>
    </ClInclude>
  </ItemGroup>
</Project>